
Microsoft Visual Studio Solution File, Format Version 12.00
# Visual Studio Version 16
VisualStudioVersion = 16.0.30907.101
MinimumVisualStudioVersion = 10.0.40219.1
Project("{FAE04EC0-301F-11D3-BF4B-00C04F79EFBC}") = "DIO.Banco", "DIO.Banco\DIO.Banco.csproj", "{2F38FEF1-2435-48CB-9F50-A0DD98A42FEB}"
EndProject
Global
	GlobalSection(SolutionConfigurationPlatforms) = preSolution
		Debug|Any CPU = Debug|Any CPU
		Release|Any CPU = Release|Any CPU
	EndGlobalSection
	GlobalSection(ProjectConfigurationPlatforms) = postSolution
		{2F38FEF1-2435-48CB-9F50-A0DD98A42FEB}.Debug|Any CPU.ActiveCfg = Debug|Any CPU
		{2F38FEF1-2435-48CB-9F50-A0DD98A42FEB}.Debug|Any CPU.Build.0 = Debug|Any CPU
		{2F38FEF1-2435-48CB-9F50-A0DD98A42FEB}.Release|Any CPU.ActiveCfg = Release|Any CPU
		{2F38FEF1-2435-48CB-9F50-A0DD98A42FEB}.Release|Any CPU.Build.0 = Release|Any CPU
	EndGlobalSection
	GlobalSection(SolutionProperties) = preSolution
		HideSolutionNode = FALSE
	EndGlobalSection
	GlobalSection(ExtensibilityGlobals) = postSolution
		SolutionGuid = {F0A3E36A-A9DD-4249-9865-4C315B6F51C6}
	EndGlobalSection
EndGlobal
